
Microsoft Visual Studio Solution File, Format Version 12.00
# Visual Studio Version 17
VisualStudioVersion = 17.6.33829.357
MinimumVisualStudioVersion = 10.0.40219.1
Project("{FAE04EC0-301F-11D3-BF4B-00C04F79EFBC}") = "ClasseChien", "ClasseChien.csproj", "{1913804A-2616-49B9-87A9-53A5F75C5F7D}"
EndProject
Global
	GlobalSection(SolutionConfigurationPlatforms) = preSolution
		Debug|Any CPU = Debug|Any CPU
		Release|Any CPU = Release|Any CPU
	EndGlobalSection
	GlobalSection(ProjectConfigurationPlatforms) = postSolution
		{1913804A-2616-49B9-87A9-53A5F75C5F7D}.Debug|Any CPU.ActiveCfg = Debug|Any CPU
		{1913804A-2616-49B9-87A9-53A5F75C5F7D}.Debug|Any CPU.Build.0 = Debug|Any CPU
		{1913804A-2616-49B9-87A9-53A5F75C5F7D}.Release|Any CPU.ActiveCfg = Release|Any CPU
		{1913804A-2616-49B9-87A9-53A5F75C5F7D}.Release|Any CPU.Build.0 = Release|Any CPU
	EndGlobalSection
	GlobalSection(SolutionProperties) = preSolution
		HideSolutionNode = FALSE
	EndGlobalSection
	GlobalSection(ExtensibilityGlobals) = postSolution
		SolutionGuid = {4B7C512E-0D11-4FB3-A570-1D8A9FF02003}
	EndGlobalSection
EndGlobal
