
Microsoft Visual Studio Solution File, Format Version 12.00
# Visual Studio Version 17
VisualStudioVersion = 17.6.33815.320
MinimumVisualStudioVersion = 10.0.40219.1
Project("{FAE04EC0-301F-11D3-BF4B-00C04F79EFBC}") = "CE_UAA14WPF24Rattrapage_CARAjayson", "CE_UAA14WPF24Rattrapage_CARAjayson.csproj", "{4E2B63CA-04FE-4220-A65D-B5E2F1874303}"
EndProject
Global
	GlobalSection(SolutionConfigurationPlatforms) = preSolution
		Debug|Any CPU = Debug|Any CPU
		Release|Any CPU = Release|Any CPU
	EndGlobalSection
	GlobalSection(ProjectConfigurationPlatforms) = postSolution
		{4E2B63CA-04FE-4220-A65D-B5E2F1874303}.Debug|Any CPU.ActiveCfg = Debug|Any CPU
		{4E2B63CA-04FE-4220-A65D-B5E2F1874303}.Debug|Any CPU.Build.0 = Debug|Any CPU
		{4E2B63CA-04FE-4220-A65D-B5E2F1874303}.Release|Any CPU.ActiveCfg = Release|Any CPU
		{4E2B63CA-04FE-4220-A65D-B5E2F1874303}.Release|Any CPU.Build.0 = Release|Any CPU
	EndGlobalSection
	GlobalSection(SolutionProperties) = preSolution
		HideSolutionNode = FALSE
	EndGlobalSection
	GlobalSection(ExtensibilityGlobals) = postSolution
		SolutionGuid = {B55E667D-0A37-4F69-AAE8-C747B943C69D}
	EndGlobalSection
EndGlobal
