
Microsoft Visual Studio Solution File, Format Version 12.00
# Visual Studio Version 17
VisualStudioVersion = 17.6.33829.357
MinimumVisualStudioVersion = 10.0.40219.1
Project("{FAE04EC0-301F-11D3-BF4B-00C04F79EFBC}") = "exercice_3", "exercice_3.csproj", "{51D07EAB-2074-4BD5-AE23-0603578DD2EB}"
EndProject
Global
	GlobalSection(SolutionConfigurationPlatforms) = preSolution
		Debug|Any CPU = Debug|Any CPU
		Release|Any CPU = Release|Any CPU
	EndGlobalSection
	GlobalSection(ProjectConfigurationPlatforms) = postSolution
		{51D07EAB-2074-4BD5-AE23-0603578DD2EB}.Debug|Any CPU.ActiveCfg = Debug|Any CPU
		{51D07EAB-2074-4BD5-AE23-0603578DD2EB}.Debug|Any CPU.Build.0 = Debug|Any CPU
		{51D07EAB-2074-4BD5-AE23-0603578DD2EB}.Release|Any CPU.ActiveCfg = Release|Any CPU
		{51D07EAB-2074-4BD5-AE23-0603578DD2EB}.Release|Any CPU.Build.0 = Release|Any CPU
	EndGlobalSection
	GlobalSection(SolutionProperties) = preSolution
		HideSolutionNode = FALSE
	EndGlobalSection
	GlobalSection(ExtensibilityGlobals) = postSolution
		SolutionGuid = {FA6DA098-B600-472D-8573-16407E58E9E2}
	EndGlobalSection
EndGlobal
