
Microsoft Visual Studio Solution File, Format Version 12.00
# Visual Studio Version 17
VisualStudioVersion = 17.7.34221.43
MinimumVisualStudioVersion = 10.0.40219.1
Project("{FAE04EC0-301F-11D3-BF4B-00C04F79EFBC}") = "Elephants Ex", "Elephants Ex.csproj", "{A0274127-CE31-4624-98EF-294505CDF415}"
EndProject
Global
	GlobalSection(SolutionConfigurationPlatforms) = preSolution
		Debug|Any CPU = Debug|Any CPU
		Release|Any CPU = Release|Any CPU
	EndGlobalSection
	GlobalSection(ProjectConfigurationPlatforms) = postSolution
		{A0274127-CE31-4624-98EF-294505CDF415}.Debug|Any CPU.ActiveCfg = Debug|Any CPU
		{A0274127-CE31-4624-98EF-294505CDF415}.Debug|Any CPU.Build.0 = Debug|Any CPU
		{A0274127-CE31-4624-98EF-294505CDF415}.Release|Any CPU.ActiveCfg = Release|Any CPU
		{A0274127-CE31-4624-98EF-294505CDF415}.Release|Any CPU.Build.0 = Release|Any CPU
	EndGlobalSection
	GlobalSection(SolutionProperties) = preSolution
		HideSolutionNode = FALSE
	EndGlobalSection
	GlobalSection(ExtensibilityGlobals) = postSolution
		SolutionGuid = {86EBB37D-715B-4CD0-A1A5-BEF2FBBA5486}
	EndGlobalSection
EndGlobal
