
Microsoft Visual Studio Solution File, Format Version 12.00
# Visual Studio Version 17
VisualStudioVersion = 17.6.33829.357
MinimumVisualStudioVersion = 10.0.40219.1
Project("{FAE04EC0-301F-11D3-BF4B-00C04F79EFBC}") = "exercice_2", "exercice_2.csproj", "{8FA9BB0E-9AED-4FA7-8210-8CF0E853BBCD}"
EndProject
Global
	GlobalSection(SolutionConfigurationPlatforms) = preSolution
		Debug|Any CPU = Debug|Any CPU
		Release|Any CPU = Release|Any CPU
	EndGlobalSection
	GlobalSection(ProjectConfigurationPlatforms) = postSolution
		{8FA9BB0E-9AED-4FA7-8210-8CF0E853BBCD}.Debug|Any CPU.ActiveCfg = Debug|Any CPU
		{8FA9BB0E-9AED-4FA7-8210-8CF0E853BBCD}.Debug|Any CPU.Build.0 = Debug|Any CPU
		{8FA9BB0E-9AED-4FA7-8210-8CF0E853BBCD}.Release|Any CPU.ActiveCfg = Release|Any CPU
		{8FA9BB0E-9AED-4FA7-8210-8CF0E853BBCD}.Release|Any CPU.Build.0 = Release|Any CPU
	EndGlobalSection
	GlobalSection(SolutionProperties) = preSolution
		HideSolutionNode = FALSE
	EndGlobalSection
	GlobalSection(ExtensibilityGlobals) = postSolution
		SolutionGuid = {114698E2-2658-4AB9-A06D-24430B7D1D72}
	EndGlobalSection
EndGlobal
